{
  "name": "T-POO-700-PAR-8",
  "lockfileVersion": 2,
  "requires": true,
  "packages": {
    "": {
      "dependencies": {
        "timex": "^1.1.0"
      }
    },
    "node_modules/raf": {
      "version": "2.0.4",
      "resolved": "https://registry.npmjs.org/raf/-/raf-2.0.4.tgz",
      "integrity": "sha1-SZPkU+pSdb9u8HoWO9/pojIztiM=",
      "dependencies": {
        "performance-now": "~0.1.3"
      }
    },
    "node_modules/raf/node_modules/performance-now": {
      "version": "0.1.4",
      "resolved": "https://registry.npmjs.org/performance-now/-/performance-now-0.1.4.tgz",
      "integrity": "sha1-NgtkLwc/+MKmk7PDjXzLwXtTGDs="
    },
    "node_modules/timex": {
      "version": "1.1.0",
      "resolved": "https://registry.npmjs.org/timex/-/timex-1.1.0.tgz",
      "integrity": "sha1-EGdHr8Rj+5w5tsbKE8912my2Vjg=",
      "dependencies": {
        "performance-now": "^0.2.0",
        "raf": "^2.0.4"
      }
    },
    "node_modules/timex/node_modules/performance-now": {
      "version": "0.2.0",
      "resolved": "https://registry.npmjs.org/performance-now/-/performance-now-0.2.0.tgz",
      "integrity": "sha1-M+8wxcd9TqIcWlOGnZG1bY8lVeU="
    }
  },
  "dependencies": {
    "raf": {
      "version": "2.0.4",
      "resolved": "https://registry.npmjs.org/raf/-/raf-2.0.4.tgz",
      "integrity": "sha1-SZPkU+pSdb9u8HoWO9/pojIztiM=",
      "requires": {
        "performance-now": "~0.1.3"
      },
      "dependencies": {
        "performance-now": {
          "version": "0.1.4",
          "resolved": "https://registry.npmjs.org/performance-now/-/performance-now-0.1.4.tgz",
          "integrity": "sha1-NgtkLwc/+MKmk7PDjXzLwXtTGDs="
        }
      }
    },
    "timex": {
      "version": "1.1.0",
      "resolved": "https://registry.npmjs.org/timex/-/timex-1.1.0.tgz",
      "integrity": "sha1-EGdHr8Rj+5w5tsbKE8912my2Vjg=",
      "requires": {
        "performance-now": "^0.2.0",
        "raf": "^2.0.4"
      },
      "dependencies": {
        "performance-now": {
          "version": "0.2.0",
          "resolved": "https://registry.npmjs.org/performance-now/-/performance-now-0.2.0.tgz",
          "integrity": "sha1-M+8wxcd9TqIcWlOGnZG1bY8lVeU="
        }
      }
    }
  }
}
